
Microsoft Visual Studio Solution File, Format Version 12.00
# Visual Studio Version 17
VisualStudioVersion = 17.2.32616.157
MinimumVisualStudioVersion = 10.0.40219.1
Project("{FAE04EC0-301F-11D3-BF4B-00C04F79EFBC}") = "DemoAppGit", "DemoAppGit.csproj", "{0EDBB14E-BC83-473E-81DA-C5B94906F2D9}"
EndProject
Global
	GlobalSection(SolutionConfigurationPlatforms) = preSolution
		Debug|Any CPU = Debug|Any CPU
		Release|Any CPU = Release|Any CPU
	EndGlobalSection
	GlobalSection(ProjectConfigurationPlatforms) = postSolution
		{0EDBB14E-BC83-473E-81DA-C5B94906F2D9}.Debug|Any CPU.ActiveCfg = Debug|Any CPU
		{0EDBB14E-BC83-473E-81DA-C5B94906F2D9}.Debug|Any CPU.Build.0 = Debug|Any CPU
		{0EDBB14E-BC83-473E-81DA-C5B94906F2D9}.Release|Any CPU.ActiveCfg = Release|Any CPU
		{0EDBB14E-BC83-473E-81DA-C5B94906F2D9}.Release|Any CPU.Build.0 = Release|Any CPU
	EndGlobalSection
	GlobalSection(SolutionProperties) = preSolution
		HideSolutionNode = FALSE
	EndGlobalSection
	GlobalSection(ExtensibilityGlobals) = postSolution
		SolutionGuid = {63F27C7E-1B7F-46CA-95C0-67B7B7D7D2C2}
	EndGlobalSection
EndGlobal
